
Microsoft Visual Studio Solution File, Format Version 12.00
# Visual Studio 15
VisualStudioVersion = 15.0.26730.16
MinimumVisualStudioVersion = 10.0.40219.1
Project("{FAE04EC0-301F-11D3-BF4B-00C04F79EFBC}") = "VSHelloWorld_150221016", "VSHelloWorld_150221016\VSHelloWorld_150221016.csproj", "{17CBA67A-FA1C-4005-BF1C-1C51084C566A}"
EndProject
Global
	GlobalSection(SolutionConfigurationPlatforms) = preSolution
		Debug|Any CPU = Debug|Any CPU
		Release|Any CPU = Release|Any CPU
	EndGlobalSection
	GlobalSection(ProjectConfigurationPlatforms) = postSolution
		{17CBA67A-FA1C-4005-BF1C-1C51084C566A}.Debug|Any CPU.ActiveCfg = Debug|Any CPU
		{17CBA67A-FA1C-4005-BF1C-1C51084C566A}.Debug|Any CPU.Build.0 = Debug|Any CPU
		{17CBA67A-FA1C-4005-BF1C-1C51084C566A}.Release|Any CPU.ActiveCfg = Release|Any CPU
		{17CBA67A-FA1C-4005-BF1C-1C51084C566A}.Release|Any CPU.Build.0 = Release|Any CPU
	EndGlobalSection
	GlobalSection(SolutionProperties) = preSolution
		HideSolutionNode = FALSE
	EndGlobalSection
	GlobalSection(ExtensibilityGlobals) = postSolution
		SolutionGuid = {4A933C81-BE35-4420-9A9A-44ED166D5503}
	EndGlobalSection
EndGlobal
